Microsoft Visual Studio Solution File, Format Version 12.00
# Visual Studio Version 17
VisualStudioVersion = 17.5.2.0
MinimumVisualStudioVersion = 10.0.40219.1
Project("{FAE04EC0-301F-11D3-BF4B-00C04F79EFBC}") = "SpaceManager", "SpaceManager.csproj", "{8EE9A72F-96AA-C8B7-54EC-79BCDEE9D497}"
EndProject
Global
	GlobalSection(SolutionConfigurationPlatforms) = preSolution
		Debug|Any CPU = Debug|Any CPU
		Release|Any CPU = Release|Any CPU
	EndGlobalSection
	GlobalSection(ProjectConfigurationPlatforms) = postSolution
		{8EE9A72F-96AA-C8B7-54EC-79BCDEE9D497}.Debug|Any CPU.ActiveCfg = Debug|Any CPU
		{8EE9A72F-96AA-C8B7-54EC-79BCDEE9D497}.Debug|Any CPU.Build.0 = Debug|Any CPU
		{8EE9A72F-96AA-C8B7-54EC-79BCDEE9D497}.Release|Any CPU.ActiveCfg = Release|Any CPU
		{8EE9A72F-96AA-C8B7-54EC-79BCDEE9D497}.Release|Any CPU.Build.0 = Release|Any CPU
	EndGlobalSection
	GlobalSection(SolutionProperties) = preSolution
		HideSolutionNode = FALSE
	EndGlobalSection
	GlobalSection(ExtensibilityGlobals) = postSolution
		SolutionGuid = {CD5E598B-55C0-48EB-833F-F40A3B8A8030}
	EndGlobalSection
EndGlobal
